
Microsoft Visual Studio Solution File, Format Version 12.00
# Visual Studio 15
VisualStudioVersion = 15.0.28307.329
MinimumVisualStudioVersion = 10.0.40219.1
Project("{9A19103F-16F7-4668-BE54-9A1E7A4F7556}") = "flowerPredictionApp", "flowerPredictionApp.csproj", "{EC0ABBFB-3D87-4683-9FAE-0269FCBEFBBE}"
EndProject
Global
	GlobalSection(SolutionConfigurationPlatforms) = preSolution
		Debug|Any CPU = Debug|Any CPU
		Release|Any CPU = Release|Any CPU
	EndGlobalSection
	GlobalSection(ProjectConfigurationPlatforms) = postSolution
		{EC0ABBFB-3D87-4683-9FAE-0269FCBEFBBE}.Debug|Any CPU.ActiveCfg = Debug|Any CPU
		{EC0ABBFB-3D87-4683-9FAE-0269FCBEFBBE}.Debug|Any CPU.Build.0 = Debug|Any CPU
		{EC0ABBFB-3D87-4683-9FAE-0269FCBEFBBE}.Release|Any CPU.ActiveCfg = Release|Any CPU
		{EC0ABBFB-3D87-4683-9FAE-0269FCBEFBBE}.Release|Any CPU.Build.0 = Release|Any CPU
	EndGlobalSection
	GlobalSection(SolutionProperties) = preSolution
		HideSolutionNode = FALSE
	EndGlobalSection
	GlobalSection(ExtensibilityGlobals) = postSolution
		SolutionGuid = {BC6C64A6-113E-46DC-BEF6-63495FE2A174}
	EndGlobalSection
EndGlobal
